
Microsoft Visual Studio Solution File, Format Version 11.00
# Visual Studio 2010
Project("{FAE04EC0-301F-11D3-BF4B-00C04F79EFBC}") = "TwainablePlus", "TwainablePlus.csproj", "{DA7338B8-6F6D-448C-88F2-EF094C402239}"
EndProject
Project("{FAE04EC0-301F-11D3-BF4B-00C04F79EFBC}") = "TwainProxy", "TwainProxy\TwainProxy.csproj", "{610FA0E6-B298-435D-B3AB-53AD6C566FB9}"
EndProject
Global
	GlobalSection(SubversionScc) = preSolution
		Svn-Managed = True
		Manager = AnkhSVN - Subversion Support for Visual Studio
	EndGlobalSection
	GlobalSection(SolutionConfigurationPlatforms) = preSolution
		Debug|Any CPU = Debug|Any CPU
		Debug|Mixed Platforms = Debug|Mixed Platforms
		Debug|x86 = Debug|x86
		Release|Any CPU = Release|Any CPU
		Release|Mixed Platforms = Release|Mixed Platforms
		Release|x86 = Release|x86
	EndGlobalSection
	GlobalSection(ProjectConfigurationPlatforms) = postSolution
		{DA7338B8-6F6D-448C-88F2-EF094C402239}.Debug|Any CPU.ActiveCfg = Debug|Any CPU
		{DA7338B8-6F6D-448C-88F2-EF094C402239}.Debug|Any CPU.Build.0 = Debug|Any CPU
		{DA7338B8-6F6D-448C-88F2-EF094C402239}.Debug|Mixed Platforms.ActiveCfg = Debug|Any CPU
		{DA7338B8-6F6D-448C-88F2-EF094C402239}.Debug|Mixed Platforms.Build.0 = Debug|Any CPU
		{DA7338B8-6F6D-448C-88F2-EF094C402239}.Debug|x86.ActiveCfg = Debug|Any CPU
		{DA7338B8-6F6D-448C-88F2-EF094C402239}.Release|Any CPU.ActiveCfg = Release|Any CPU
		{DA7338B8-6F6D-448C-88F2-EF094C402239}.Release|Any CPU.Build.0 = Release|Any CPU
		{DA7338B8-6F6D-448C-88F2-EF094C402239}.Release|Mixed Platforms.ActiveCfg = Release|Any CPU
		{DA7338B8-6F6D-448C-88F2-EF094C402239}.Release|Mixed Platforms.Build.0 = Release|Any CPU
		{DA7338B8-6F6D-448C-88F2-EF094C402239}.Release|x86.ActiveCfg = Release|Any CPU
		{610FA0E6-B298-435D-B3AB-53AD6C566FB9}.Debug|Any CPU.ActiveCfg = Debug|x86
		{610FA0E6-B298-435D-B3AB-53AD6C566FB9}.Debug|Mixed Platforms.ActiveCfg = Debug|x86
		{610FA0E6-B298-435D-B3AB-53AD6C566FB9}.Debug|Mixed Platforms.Build.0 = Debug|x86
		{610FA0E6-B298-435D-B3AB-53AD6C566FB9}.Debug|x86.ActiveCfg = Debug|x86
		{610FA0E6-B298-435D-B3AB-53AD6C566FB9}.Debug|x86.Build.0 = Debug|x86
		{610FA0E6-B298-435D-B3AB-53AD6C566FB9}.Release|Any CPU.ActiveCfg = Release|x86
		{610FA0E6-B298-435D-B3AB-53AD6C566FB9}.Release|Mixed Platforms.ActiveCfg = Release|x86
		{610FA0E6-B298-435D-B3AB-53AD6C566FB9}.Release|Mixed Platforms.Build.0 = Release|x86
		{610FA0E6-B298-435D-B3AB-53AD6C566FB9}.Release|x86.ActiveCfg = Release|x86
		{610FA0E6-B298-435D-B3AB-53AD6C566FB9}.Release|x86.Build.0 = Release|x86
	EndGlobalSection
	GlobalSection(SolutionProperties) = preSolution
		HideSolutionNode = FALSE
	EndGlobalSection
EndGlobal
